
Microsoft Visual Studio Solution File, Format Version 12.00
# Visual Studio Version 17
VisualStudioVersion = 17.5.33424.131
MinimumVisualStudioVersion = 10.0.40219.1
Project("{9A19103F-16F7-4668-BE54-9A1E7A4F7556}") = "CartCar.App", "CartCar.App\CartCar.App.csproj", "{8195DCCA-9595-4F03-BE08-BB785C23556A}"
EndProject
Global
	GlobalSection(SolutionConfigurationPlatforms) = preSolution
		Debug|Any CPU = Debug|Any CPU
		Release|Any CPU = Release|Any CPU
	EndGlobalSection
	GlobalSection(ProjectConfigurationPlatforms) = postSolution
		{8195DCCA-9595-4F03-BE08-BB785C23556A}.Debug|Any CPU.ActiveCfg = Debug|Any CPU
		{8195DCCA-9595-4F03-BE08-BB785C23556A}.Debug|Any CPU.Build.0 = Debug|Any CPU
		{8195DCCA-9595-4F03-BE08-BB785C23556A}.Release|Any CPU.ActiveCfg = Release|Any CPU
		{8195DCCA-9595-4F03-BE08-BB785C23556A}.Release|Any CPU.Build.0 = Release|Any CPU
	EndGlobalSection
	GlobalSection(SolutionProperties) = preSolution
		HideSolutionNode = FALSE
	EndGlobalSection
	GlobalSection(ExtensibilityGlobals) = postSolution
		SolutionGuid = {AD79C74E-2627-4D77-91CF-DB0C525328D4}
	EndGlobalSection
EndGlobal
